schema: '2.0'
stages:
  unpack:
    cmd: tar -xzf data/cv-corpus-21.0-2025-03-14-ru.tar.gz -C data
    deps:
    - path: data/cv-corpus-21.0-2025-03-14-ru.tar.gz
      hash: md5
      md5: 287bb2401f967a47d86e8b7b5e9f4b03
      size: 6899531386
    outs:
    - path: data/cv-corpus-21.0-2025-03-14
      hash: md5
      md5: 5ec9d356c3b24c35d56200ae6392932b.dir
      size: 7214033117
      nfiles: 198259
  concat_cv:
    cmd: python src/generate-concat-cv.py
    deps:
    - path: src/generate-concat-cv.py
      hash: md5
      md5: 573aae67009ea0e2340765952e0058e6
      size: 3843
    outs:
    - path: data/dev/concat-cv
      hash: md5
      md5: 9edee88c385d90fe04fea9145beebbf8.dir
      size: 353521300
      nfiles: 11
